// !$*UTF8*$!
{
	archiveVersion = 1;
	classes = {
	};
	objectVersion = 46;
	objects = {

/* Begin PBXBuildFile section */
		B04FED741B78E23F0082D0CD /* main.m in Sources */ = {isa = PBXBuildFile; fileRef = B04FED731B78E23F0082D0CD /* main.m */; };
		B04FED771B78E23F0082D0CD /* AppDelegate.m in Sources */ = {isa = PBXBuildFile; fileRef = B04FED761B78E23F0082D0CD /* AppDelegate.m */; };
		B04FED7A1B78E23F0082D0CD /* ViewController.m in Sources */ = {isa = PBXBuildFile; fileRef = B04FED791B78E23F0082D0CD /* ViewController.m */; };
		B04FED7D1B78E23F0082D0CD /* Main.storyboard in Resources */ = {isa = PBXBuildFile; fileRef = B04FED7B1B78E23F0082D0CD /* Main.storyboard */; };
		B04FED7F1B78E23F0082D0CD /* Assets.xcassets in Resources */ = {isa = PBXBuildFile; fileRef = B04FED7E1B78E23F0082D0CD /* Assets.xcassets */; };
		B04FED821B78E23F0082D0CD /* LaunchScreen.storyboard in Resources */ = {isa = PBXBuildFile; fileRef = B04FED801B78E23F0082D0CD /* LaunchScreen.storyboard */; };
		B04FED8D1B78E23F0082D0CD /* ____Tests.m in Sources */ = {isa = PBXBuildFile; fileRef = B04FED8C1B78E23F0082D0CD /* ____Tests.m */; };
		B04FED981B78E23F0082D0CD /* ____UITests.m in Sources */ = {isa = PBXBuildFile; fileRef = B04FED971B78E23F0082D0CD /* ____UITests.m */; };
		B04FEDA71B78E7A00082D0CD /* Province.m in Sources */ = {isa = PBXBuildFile; fileRef = B04FEDA61B78E7A00082D0CD /* Province.m */; };
		B04FEDAA1B78E8000082D0CD /* City.m in Sources */ = {isa = PBXBuildFile; fileRef = B04FEDA91B78E8000082D0CD /* City.m */; };
		B04FEDAC1B78F2CA0082D0CD /* area.plist in Resources */ = {isa = PBXBuildFile; fileRef = B04FEDAB1B78F2CA0082D0CD /* area.plist */; };
/* End PBXBuildFile section */

/* Begin PBXContainerItemProxy section */
		B04FED891B78E23F0082D0CD /* PBXContainerItemProxy */ = {
			isa = PBXContainerItemProxy;
			containerPortal = B04FED671B78E23F0082D0CD /* Project object */;
			proxyType = 1;
			remoteGlobalIDString = B04FED6E1B78E23F0082D0CD;
			remoteInfo = "省市选择";
		};
		B04FED941B78E23F0082D0CD /* PBXContainerItemProxy */ = {
			isa = PBXContainerItemProxy;
			containerPortal = B04FED671B78E23F0082D0CD /* Project object */;
			proxyType = 1;
			remoteGlobalIDString = B04FED6E1B78E23F0082D0CD;
			remoteInfo = "省市选择";
		};
/* End PBXContainerItemProxy section */

/* Begin PBXFileReference section */
		B04FED6F1B78E23F0082D0CD /* 省市选择.app */ = {isa = PBXFileReference; explicitFileType = wrapper.application; includeInIndex = 0; path = "省市选择.app"; sourceTree = BUILT_PRODUCTS_DIR; };
		B04FED731B78E23F0082D0CD /* main.m */ = {isa = PBXFileReference; lastKnownFileType = sourcecode.c.objc; path = main.m; sourceTree = "<group>"; };
		B04FED751B78E23F0082D0CD /* AppDelegate.h */ = {isa = PBXFileReference; lastKnownFileType = sourcecode.c.h; path = AppDelegate.h; sourceTree = "<group>"; };
		B04FED761B78E23F0082D0CD /* AppDelegate.m */ = {isa = PBXFileReference; lastKnownFileType = sourcecode.c.objc; path = AppDelegate.m; sourceTree = "<group>"; };
		B04FED781B78E23F0082D0CD /* ViewController.h */ = {isa = PBXFileReference; lastKnownFileType = sourcecode.c.h; path = ViewController.h; sourceTree = "<group>"; };
		B04FED791B78E23F0082D0CD /* ViewController.m */ = {isa = PBXFileReference; lastKnownFileType = sourcecode.c.objc; path = ViewController.m; sourceTree = "<group>"; };
		B04FED7C1B78E23F0082D0CD /* Base */ = {isa = PBXFileReference; lastKnownFileType = file.storyboard; name = Base; path = Base.lproj/Main.storyboard; sourceTree = "<group>"; };
		B04FED7E1B78E23F0082D0CD /* Assets.xcassets */ = {isa = PBXFileReference; lastKnownFileType = folder.assetcatalog; path = Assets.xcassets; sourceTree = "<group>"; };
		B04FED811B78E23F0082D0CD /* Base */ = {isa = PBXFileReference; lastKnownFileType = file.storyboard; name = Base; path = Base.lproj/LaunchScreen.storyboard; sourceTree = "<group>"; };
		B04FED831B78E23F0082D0CD /* Info.plist */ = {isa = PBXFileReference; lastKnownFileType = text.plist.xml; path = Info.plist; sourceTree = "<group>"; };
		B04FED881B78E23F0082D0CD /* 省市选择Tests.xctest */ = {isa = PBXFileReference; explicitFileType = wrapper.cfbundle; includeInIndex = 0; path = "省市选择Tests.xctest"; sourceTree = BUILT_PRODUCTS_DIR; };
		B04FED8C1B78E23F0082D0CD /* ____Tests.m */ = {isa = PBXFileReference; lastKnownFileType = sourcecode.c.objc; path = "____Tests.m"; sourceTree = "<group>"; };
		B04FED8E1B78E23F0082D0CD /* Info.plist */ = {isa = PBXFileReference; lastKnownFileType = text.plist.xml; path = Info.plist; sourceTree = "<group>"; };
		B04FED931B78E23F0082D0CD /* 省市选择UITests.xctest */ = {isa = PBXFileReference; explicitFileType = wrapper.cfbundle; includeInIndex = 0; path = "省市选择UITests.xctest"; sourceTree = BUILT_PRODUCTS_DIR; };
		B04FED971B78E23F0082D0CD /* ____UITests.m */ = {isa = PBXFileReference; lastKnownFileType = sourcecode.c.objc; path = "____UITests.m"; sourceTree = "<group>"; };
		B04FED991B78E23F0082D0CD /* Info.plist */ = {isa = PBXFileReference; lastKnownFileType = text.plist.xml; path = Info.plist; sourceTree = "<group>"; };
		B04FEDA51B78E7A00082D0CD /* Province.h */ = {isa = PBXFileReference; fileEncoding = 4; lastKnownFileType = sourcecode.c.h; path = Province.h; sourceTree = "<group>"; };
		B04FEDA61B78E7A00082D0CD /* Province.m */ = {isa = PBXFileReference; fileEncoding = 4; lastKnownFileType = sourcecode.c.objc; path = Province.m; sourceTree = "<group>"; };
		B04FEDA81B78E8000082D0CD /* City.h */ = {isa = PBXFileReference; fileEncoding = 4; lastKnownFileType = sourcecode.c.h; path = City.h; sourceTree = "<group>"; };
		B04FEDA91B78E8000082D0CD /* City.m */ = {isa = PBXFileReference; fileEncoding = 4; lastKnownFileType = sourcecode.c.objc; path = City.m; sourceTree = "<group>"; };
		B04FEDAB1B78F2CA0082D0CD /* area.plist */ = {isa = PBXFileReference; fileEncoding = 4; lastKnownFileType = text.plist.xml; path = area.plist; sourceTree = "<group>"; };
/* End PBXFileReference section */

/* Begin PBXFrameworksBuildPhase section */
		B04FED6C1B78E23F0082D0CD /* Frameworks */ = {
			isa = PBXFrameworksBuildPhase;
			buildActionMask = 2147483647;
			files = (
			);
			runOnlyForDeploymentPostprocessing = 0;
		};
		B04FED851B78E23F0082D0CD /* Frameworks */ = {
			isa = PBXFrameworksBuildPhase;
			buildActionMask = 2147483647;
			files = (
			);
			runOnlyForDeploymentPostprocessing = 0;
		};
		B04FED901B78E23F0082D0CD /* Frameworks */ = {
			isa = PBXFrameworksBuildPhase;
			buildActionMask = 2147483647;
			files = (
			);
			runOnlyForDeploymentPostprocessing = 0;
		};
/* End PBXFrameworksBuildPhase section */

/* Begin PBXGroup section */
		B04FED661B78E23F0082D0CD = {
			isa = PBXGroup;
			children = (
				B04FED711B78E23F0082D0CD /* 省市选择 */,
				B04FED8B1B78E23F0082D0CD /* 省市选择Tests */,
				B04FED961B78E23F0082D0CD /* 省市选择UITests */,
				B04FED701B78E23F0082D0CD /* Products */,
			);
			sourceTree = "<group>";
		};
		B04FED701B78E23F0082D0CD /* Products */ = {
			isa = PBXGroup;
			children = (
				B04FED6F1B78E23F0082D0CD /* 省市选择.app */,
				B04FED881B78E23F0082D0CD /* 省市选择Tests.xctest */,
				B04FED931B78E23F0082D0CD /* 省市选择UITests.xctest */,
			);
			name = Products;
			sourceTree = "<group>";
		};
		B04FED711B78E23F0082D0CD /* 省市选择 */ = {
			isa = PBXGroup;
			children = (
				B04FED751B78E23F0082D0CD /* AppDelegate.h */,
				B04FED761B78E23F0082D0CD /* AppDelegate.m */,
				B04FED781B78E23F0082D0CD /* ViewController.h */,
				B04FED791B78E23F0082D0CD /* ViewController.m */,
				B04FEDA51B78E7A00082D0CD /* Province.h */,
				B04FEDA61B78E7A00082D0CD /* Province.m */,
				B04FEDA81B78E8000082D0CD /* City.h */,
				B04FEDA91B78E8000082D0CD /* City.m */,
				B04FEDAB1B78F2CA0082D0CD /* area.plist */,
				B04FED7B1B78E23F0082D0CD /* Main.storyboard */,
				B04FED7E1B78E23F0082D0CD /* Assets.xcassets */,
				B04FED801B78E23F0082D0CD /* LaunchScreen.storyboard */,
				B04FED831B78E23F0082D0CD /* Info.plist */,
				B04FED721B78E23F0082D0CD /* Supporting Files */,
			);
			path = "省市选择";
			sourceTree = "<group>";
		};
		B04FED721B78E23F0082D0CD /* Supporting Files */ = {
			isa = PBXGroup;
			children = (
				B04FED731B78E23F0082D0CD /* main.m */,
			);
			name = "Supporting Files";
			sourceTree = "<group>";
		};
		B04FED8B1B78E23F0082D0CD /* 省市选择Tests */ = {
			isa = PBXGroup;
			children = (
				B04FED8C1B78E23F0082D0CD /* ____Tests.m */,
				B04FED8E1B78E23F0082D0CD /* Info.plist */,
			);
			path = "省市选择Tests";
			sourceTree = "<group>";
		};
		B04FED961B78E23F0082D0CD /* 省市选择UITests */ = {
			isa = PBXGroup;
			children = (
				B04FED971B78E23F0082D0CD /* ____UITests.m */,
				B04FED991B78E23F0082D0CD /* Info.plist */,
			);
			path = "省市选择UITests";
			sourceTree = "<group>";
		};
/* End PBXGroup section */

/* Begin PBXNativeTarget section */
		B04FED6E1B78E23F0082D0CD /* 省市选择 */ = {
			isa = PBXNativeTarget;
			buildConfigurationList = B04FED9C1B78E23F0082D0CD /* Build configuration list for PBXNativeTarget "省市选择" */;
			buildPhases = (
				B04FED6B1B78E23F0082D0CD /* Sources */,
				B04FED6C1B78E23F0082D0CD /* Frameworks */,
				B04FED6D1B78E23F0082D0CD /* Resources */,
			);
			buildRules = (
			);
			dependencies = (
			);
			name = "省市选择";
			productName = "省市选择";
			productReference = B04FED6F1B78E23F0082D0CD /* 省市选择.app */;
			productType = "com.apple.product-type.application";
		};
		B04FED871B78E23F0082D0CD /* 省市选择Tests */ = {
			isa = PBXNativeTarget;
			buildConfigurationList = B04FED9F1B78E23F0082D0CD /* Build configuration list for PBXNativeTarget "省市选择Tests" */;
			buildPhases = (
				B04FED841B78E23F0082D0CD /* Sources */,
				B04FED851B78E23F0082D0CD /* Frameworks */,
				B04FED861B78E23F0082D0CD /* Resources */,
			);
			buildRules = (
			);
			dependencies = (
				B04FED8A1B78E23F0082D0CD /* PBXTargetDependency */,
			);
			name = "省市选择Tests";
			productName = "省市选择Tests";
			productReference = B04FED881B78E23F0082D0CD /* 省市选择Tests.xctest */;
			productType = "com.apple.product-type.bundle.unit-test";
		};
		B04FED921B78E23F0082D0CD /* 省市选择UITests */ = {
			isa = PBXNativeTarget;
			buildConfigurationList = B04FEDA21B78E23F0082D0CD /* Build configuration list for PBXNativeTarget "省市选择UITests" */;
			buildPhases = (
				B04FED8F1B78E23F0082D0CD /* Sources */,
				B04FED901B78E23F0082D0CD /* Frameworks */,
				B04FED911B78E23F0082D0CD /* Resources */,
			);
			buildRules = (
			);
			dependencies = (
				B04FED951B78E23F0082D0CD /* PBXTargetDependency */,
			);
			name = "省市选择UITests";
			productName = "省市选择UITests";
			productReference = B04FED931B78E23F0082D0CD /* 省市选择UITests.xctest */;
			productType = "com.apple.product-type.bundle.ui-testing";
		};
/* End PBXNativeTarget section */

/* Begin PBXProject section */
		B04FED671B78E23F0082D0CD /* Project object */ = {
			isa = PBXProject;
			attributes = {
				LastUpgradeCheck = 0700;
				ORGANIZATIONNAME = zmonline;
				TargetAttributes = {
					B04FED6E1B78E23F0082D0CD = {
						CreatedOnToolsVersion = 7.0;
					};
					B04FED871B78E23F0082D0CD = {
						CreatedOnToolsVersion = 7.0;
						TestTargetID = B04FED6E1B78E23F0082D0CD;
					};
					B04FED921B78E23F0082D0CD = {
						CreatedOnToolsVersion = 7.0;
						TestTargetID = B04FED6E1B78E23F0082D0CD;
					};
				};
			};
			buildConfigurationList = B04FED6A1B78E23F0082D0CD /* Build configuration list for PBXProject "省市选择" */;
			compatibilityVersion = "Xcode 3.2";
			developmentRegion = English;
			hasScannedForEncodings = 0;
			knownRegions = (
				en,
				Base,
			);
			mainGroup = B04FED661B78E23F0082D0CD;
			productRefGroup = B04FED701B78E23F0082D0CD /* Products */;
			projectDirPath = "";
			projectRoot = "";
			targets = (
				B04FED6E1B78E23F0082D0CD /* 省市选择 */,
				B04FED871B78E23F0082D0CD /* 省市选择Tests */,
				B04FED921B78E23F0082D0CD /* 省市选择UITests */,
			);
		};
/* End PBXProject section */

/* Begin PBXResourcesBuildPhase section */
		B04FED6D1B78E23F0082D0CD /* Resources */ = {
			isa = PBXResourcesBuildPhase;
			buildActionMask = 2147483647;
			files = (
				B04FED821B78E23F0082D0CD /* LaunchScreen.storyboard in Resources */,
				B04FEDAC1B78F2CA0082D0CD /* area.plist in Resources */,
				B04FED7F1B78E23F0082D0CD /* Assets.xcassets in Resources */,
				B04FED7D1B78E23F0082D0CD /* Main.storyboard in Resources */,
			);
			runOnlyForDeploymentPostprocessing = 0;
		};
		B04FED861B78E23F0082D0CD /* Resources */ = {
			isa = PBXResourcesBuildPhase;
			buildActionMask = 2147483647;
			files = (
			);
			runOnlyForDeploymentPostprocessing = 0;
		};
		B04FED911B78E23F0082D0CD /* Resources */ = {
			isa = PBXResourcesBuildPhase;
			buildActionMask = 2147483647;
			files = (
			);
			runOnlyForDeploymentPostprocessing = 0;
		};
/* End PBXResourcesBuildPhase section */

/* Begin PBXSourcesBuildPhase section */
		B04FED6B1B78E23F0082D0CD /* Sources */ = {
			isa = PBXSourcesBuildPhase;
			buildActionMask = 2147483647;
			files = (
				B04FEDAA1B78E8000082D0CD /* City.m in Sources */,
				B04FED7A1B78E23F0082D0CD /* ViewController.m in Sources */,
				B04FED771B78E23F0082D0CD /* AppDelegate.m in Sources */,
				B04FED741B78E23F0082D0CD /* main.m in Sources */,
				B04FEDA71B78E7A00082D0CD /* Province.m in Sources */,
			);
			runOnlyForDeploymentPostprocessing = 0;
		};
		B04FED841B78E23F0082D0CD /* Sources */ = {
			isa = PBXSourcesBuildPhase;
			buildActionMask = 2147483647;
			files = (
				B04FED8D1B78E23F0082D0CD /* ____Tests.m in Sources */,
			);
			runOnlyForDeploymentPostprocessing = 0;
		};
		B04FED8F1B78E23F0082D0CD /* Sources */ = {
			isa = PBXSourcesBuildPhase;
			buildActionMask = 2147483647;
			files = (
				B04FED981B78E23F0082D0CD /* ____UITests.m in Sources */,
			);
			runOnlyForDeploymentPostprocessing = 0;
		};
/* End PBXSourcesBuildPhase section */

/* Begin PBXTargetDependency section */
		B04FED8A1B78E23F0082D0CD /* PBXTargetDependency */ = {
			isa = PBXTargetDependency;
			target = B04FED6E1B78E23F0082D0CD /* 省市选择 */;
			targetProxy = B04FED891B78E23F0082D0CD /* PBXContainerItemProxy */;
		};
		B04FED951B78E23F0082D0CD /* PBXTargetDependency */ = {
			isa = PBXTargetDependency;
			target = B04FED6E1B78E23F0082D0CD /* 省市选择 */;
			targetProxy = B04FED941B78E23F0082D0CD /* PBXContainerItemProxy */;
		};
/* End PBXTargetDependency section */

/* Begin PBXVariantGroup section */
		B04FED7B1B78E23F0082D0CD /* Main.storyboard */ = {
			isa = PBXVariantGroup;
			children = (
				B04FED7C1B78E23F0082D0CD /* Base */,
			);
			name = Main.storyboard;
			sourceTree = "<group>";
		};
		B04FED801B78E23F0082D0CD /* LaunchScreen.storyboard */ = {
			isa = PBXVariantGroup;
			children = (
				B04FED811B78E23F0082D0CD /* Base */,
			);
			name = LaunchScreen.storyboard;
			sourceTree = "<group>";
		};
/* End PBXVariantGroup section */

/* Begin XCBuildConfiguration section */
		B04FED9A1B78E23F0082D0CD /* Debug */ = {
			isa = XCBuildConfiguration;
			buildSettings = {
				ALWAYS_SEARCH_USER_PATHS = NO;
				CLANG_CXX_LANGUAGE_STANDARD = "gnu++0x";
				CLANG_CXX_LIBRARY = "libc++";
				CLANG_ENABLE_MODULES = YES;
				CLANG_ENABLE_OBJC_ARC = YES;
				CLANG_WARN_BOOL_CONVERSION = YES;
				CLANG_WARN_CONSTANT_CONVERSION = YES;
				CLANG_WARN_DIRECT_OBJC_ISA_USAGE = YES_ERROR;
				CLANG_WARN_EMPTY_BODY = YES;
				CLANG_WARN_ENUM_CONVERSION = YES;
				CLANG_WARN_INT_CONVERSION = YES;
				CLANG_WARN_OBJC_ROOT_CLASS = YES_ERROR;
				CLANG_WARN_UNREACHABLE_CODE = YES;
				CLANG_WARN__DUPLICATE_METHOD_MATCH = YES;
				"CODE_SIGN_IDENTITY[sdk=iphoneos*]" = "iPhone Developer";
				COPY_PHASE_STRIP = NO;
				DEBUG_INFORMATION_FORMAT = dwarf;
				ENABLE_STRICT_OBJC_MSGSEND = YES;
				ENABLE_TESTABILITY = YES;
				GCC_C_LANGUAGE_STANDARD = gnu99;
				GCC_DYNAMIC_NO_PIC = NO;
				GCC_NO_COMMON_BLOCKS = YES;
				GCC_OPTIMIZATION_LEVEL = 0;
				GCC_PREPROCESSOR_DEFINITIONS = (
					"DEBUG=1",
					"$(inherited)",
				);
				GCC_WARN_64_TO_32_BIT_CONVERSION = YES;
				GCC_WARN_ABOUT_RETURN_TYPE = YES_ERROR;
				GCC_WARN_UNDECLARED_SELECTOR = YES;
				GCC_WARN_UNINITIALIZED_AUTOS = YES_AGGRESSIVE;
				GCC_WARN_UNUSED_FUNCTION = YES;
				GCC_WARN_UNUSED_VARIABLE = YES;
				IPHONEOS_DEPLOYMENT_TARGET = 9.0;
				MTL_ENABLE_DEBUG_INFO = YES;
				ONLY_ACTIVE_ARCH = YES;
				SDKROOT = iphoneos;
				TARGETED_DEVICE_FAMILY = "1,2";
			};
			name = Debug;
		};
		B04FED9B1B78E23F0082D0CD /* Release */ = {
			isa = XCBuildConfiguration;
			buildSettings = {
				ALWAYS_SEARCH_USER_PATHS = NO;
				CLANG_CXX_LANGUAGE_STANDARD = "gnu++0x";
				CLANG_CXX_LIBRARY = "libc++";
				CLANG_ENABLE_MODULES = YES;
				CLANG_ENABLE_OBJC_ARC = YES;
				CLANG_WARN_BOOL_CONVERSION = YES;
				CLANG_WARN_CONSTANT_CONVERSION = YES;
				CLANG_WARN_DIRECT_OBJC_ISA_USAGE = YES_ERROR;
				CLANG_WARN_EMPTY_BODY = YES;
				CLANG_WARN_ENUM_CONVERSION = YES;
				CLANG_WARN_INT_CONVERSION = YES;
				CLANG_WARN_OBJC_ROOT_CLASS = YES_ERROR;
				CLANG_WARN_UNREACHABLE_CODE = YES;
				CLANG_WARN__DUPLICATE_METHOD_MATCH = YES;
				"CODE_SIGN_IDENTITY[sdk=iphoneos*]" = "iPhone Developer";
				COPY_PHASE_STRIP = NO;
				DEBUG_INFORMATION_FORMAT = "dwarf-with-dsym";
				ENABLE_NS_ASSERTIONS = NO;
				ENABLE_STRICT_OBJC_MSGSEND = YES;
				GCC_C_LANGUAGE_STANDARD = gnu99;
				GCC_NO_COMMON_BLOCKS = YES;
				GCC_WARN_64_TO_32_BIT_CONVERSION = YES;
				GCC_WARN_ABOUT_RETURN_TYPE = YES_ERROR;
				GCC_WARN_UNDECLARED_SELECTOR = YES;
				GCC_WARN_UNINITIALIZED_AUTOS = YES_AGGRESSIVE;
				GCC_WARN_UNUSED_FUNCTION = YES;
				GCC_WARN_UNUSED_VARIABLE = YES;
				IPHONEOS_DEPLOYMENT_TARGET = 9.0;
				MTL_ENABLE_DEBUG_INFO = NO;
				SDKROOT = iphoneos;
				TARGETED_DEVICE_FAMILY = "1,2";
				VALIDATE_PRODUCT = YES;
			};
			name = Release;
		};
		B04FED9D1B78E23F0082D0CD /* Debug */ = {
			isa = XCBuildConfiguration;
			buildSettings = {
				ASSETCATALOG_COMPILER_APPICON_NAME = AppIcon;
				INFOPLIST_FILE = "省市选择/Info.plist";
				LD_RUNPATH_SEARCH_PATHS = "$(inherited) @executable_path/Frameworks";
				PRODUCT_BUNDLE_IDENTIFIER = "cn.zmonline.----";
				PRODUCT_NAME = "$(TARGET_NAME)";
			};
			name = Debug;
		};
		B04FED9E1B78E23F0082D0CD /* Release */ = {
			isa = XCBuildConfiguration;
			buildSettings = {
				ASSETCATALOG_COMPILER_APPICON_NAME = AppIcon;
				INFOPLIST_FILE = "省市选择/Info.plist";
				LD_RUNPATH_SEARCH_PATHS = "$(inherited) @executable_path/Frameworks";
				PRODUCT_BUNDLE_IDENTIFIER = "cn.zmonline.----";
				PRODUCT_NAME = "$(TARGET_NAME)";
			};
			name = Release;
		};
		B04FEDA01B78E23F0082D0CD /* Debug */ = {
			isa = XCBuildConfiguration;
			buildSettings = {
				BUNDLE_LOADER = "$(TEST_HOST)";
				INFOPLIST_FILE = "省市选择Tests/Info.plist";
				LD_RUNPATH_SEARCH_PATHS = "$(inherited) @executable_path/Frameworks @loader_path/Frameworks";
				PRODUCT_BUNDLE_IDENTIFIER = "cn.zmonline.----Tests";
				PRODUCT_NAME = "$(TARGET_NAME)";
				TEST_HOST = "$(BUILT_PRODUCTS_DIR)/省市选择.app/省市选择";
			};
			name = Debug;
		};
		B04FEDA11B78E23F0082D0CD /* Release */ = {
			isa = XCBuildConfiguration;
			buildSettings = {
				BUNDLE_LOADER = "$(TEST_HOST)";
				INFOPLIST_FILE = "省市选择Tests/Info.plist";
				LD_RUNPATH_SEARCH_PATHS = "$(inherited) @executable_path/Frameworks @loader_path/Frameworks";
				PRODUCT_BUNDLE_IDENTIFIER = "cn.zmonline.----Tests";
				PRODUCT_NAME = "$(TARGET_NAME)";
				TEST_HOST = "$(BUILT_PRODUCTS_DIR)/省市选择.app/省市选择";
			};
			name = Release;
		};
		B04FEDA31B78E23F0082D0CD /* Debug */ = {
			isa = XCBuildConfiguration;
			buildSettings = {
				INFOPLIST_FILE = "省市选择UITests/Info.plist";
				LD_RUNPATH_SEARCH_PATHS = "$(inherited) @executable_path/Frameworks @loader_path/Frameworks";
				PRODUCT_BUNDLE_IDENTIFIER = "cn.zmonline.----UITests";
				PRODUCT_NAME = "$(TARGET_NAME)";
				TEST_TARGET_NAME = "省市选择";
				USES_XCTRUNNER = YES;
			};
			name = Debug;
		};
		B04FEDA41B78E23F0082D0CD /* Release */ = {
			isa = XCBuildConfiguration;
			buildSettings = {
				INFOPLIST_FILE = "省市选择UITests/Info.plist";
				LD_RUNPATH_SEARCH_PATHS = "$(inherited) @executable_path/Frameworks @loader_path/Frameworks";
				PRODUCT_BUNDLE_IDENTIFIER = "cn.zmonline.----UITests";
				PRODUCT_NAME = "$(TARGET_NAME)";
				TEST_TARGET_NAME = "省市选择";
				USES_XCTRUNNER = YES;
			};
			name = Release;
		};
/* End XCBuildConfiguration section */

/* Begin XCConfigurationList section */
		B04FED6A1B78E23F0082D0CD /* Build configuration list for PBXProject "省市选择" */ = {
			isa = XCConfigurationList;
			buildConfigurations = (
				B04FED9A1B78E23F0082D0CD /* Debug */,
				B04FED9B1B78E23F0082D0CD /* Release */,
			);
			defaultConfigurationIsVisible = 0;
			defaultConfigurationName = Release;
		};
		B04FED9C1B78E23F0082D0CD /* Build configuration list for PBXNativeTarget "省市选择" */ = {
			isa = XCConfigurationList;
			buildConfigurations = (
				B04FED9D1B78E23F0082D0CD /* Debug */,
				B04FED9E1B78E23F0082D0CD /* Release */,
			);
			defaultConfigurationIsVisible = 0;
			defaultConfigurationName = Release;
		};
		B04FED9F1B78E23F0082D0CD /* Build configuration list for PBXNativeTarget "省市选择Tests" */ = {
			isa = XCConfigurationList;
			buildConfigurations = (
				B04FEDA01B78E23F0082D0CD /* Debug */,
				B04FEDA11B78E23F0082D0CD /* Release */,
			);
			defaultConfigurationIsVisible = 0;
			defaultConfigurationName = Release;
		};
		B04FEDA21B78E23F0082D0CD /* Build configuration list for PBXNativeTarget "省市选择UITests" */ = {
			isa = XCConfigurationList;
			buildConfigurations = (
				B04FEDA31B78E23F0082D0CD /* Debug */,
				B04FEDA41B78E23F0082D0CD /* Release */,
			);
			defaultConfigurationIsVisible = 0;
			defaultConfigurationName = Release;
		};
/* End XCConfigurationList section */
	};
	rootObject = B04FED671B78E23F0082D0CD /* Project object */;
}
